
Microsoft Visual Studio Solution File, Format Version 12.00
# Visual Studio Version 17
VisualStudioVersion = 17.9.34616.47
MinimumVisualStudioVersion = 10.0.40219.1
Project("{FAE04EC0-301F-11D3-BF4B-00C04F79EFBC}") = "DevFreela.API", "DevFreela.API\DevFreela.API.csproj", "{8ED709BC-1D66-4855-860D-CD325629E68F}"
EndProject
Global
	GlobalSection(SolutionConfigurationPlatforms) = preSolution
		Debug|Any CPU = Debug|Any CPU
		Release|Any CPU = Release|Any CPU
	EndGlobalSection
	GlobalSection(ProjectConfigurationPlatforms) = postSolution
		{8ED709BC-1D66-4855-860D-CD325629E68F}.Debug|Any CPU.ActiveCfg = Debug|Any CPU
		{8ED709BC-1D66-4855-860D-CD325629E68F}.Debug|Any CPU.Build.0 = Debug|Any CPU
		{8ED709BC-1D66-4855-860D-CD325629E68F}.Release|Any CPU.ActiveCfg = Release|Any CPU
		{8ED709BC-1D66-4855-860D-CD325629E68F}.Release|Any CPU.Build.0 = Release|Any CPU
	EndGlobalSection
	GlobalSection(SolutionProperties) = preSolution
		HideSolutionNode = FALSE
	EndGlobalSection
	GlobalSection(ExtensibilityGlobals) = postSolution
		SolutionGuid = {C7D6CC01-9129-4E39-A0F8-F0424ADED8A2}
	EndGlobalSection
EndGlobal
